# THIS IS AN AUTOGENERATED FILE. DO NOT EDIT THIS FILE DIRECTLY.
# yarn lockfile v1


wordcloud@^1.1.1:
  version "1.1.1"
  resolved "https://registry.yarnpkg.com/wordcloud/-/wordcloud-1.1.1.tgz#a68d75a05339c2da8ec8aea21a00f90e6f2e8eba"
  integrity sha512-uL/QooAjq8XeFlbYIdAq1wlbu7RP6xl42i5cJyk6ahG7hHFg96ZM9H3QStyqn/WW2/B5sEjsDFwRBeN4MM5M4A==
